
Microsoft Visual Studio Solution File, Format Version 12.00
# Visual Studio Version 17
VisualStudioVersion = 17.7.34003.232
MinimumVisualStudioVersion = 10.0.40219.1
Project("{FAE04EC0-301F-11D3-BF4B-00C04F79EFBC}") = "caQuestao1", "caQuestao1\caQuestao1.csproj", "{871B93E4-46FA-473D-8DDC-93035E5C9CD9}"
EndProject
Global
	GlobalSection(SolutionConfigurationPlatforms) = preSolution
		Debug|Any CPU = Debug|Any CPU
		Release|Any CPU = Release|Any CPU
	EndGlobalSection
	GlobalSection(ProjectConfigurationPlatforms) = postSolution
		{871B93E4-46FA-473D-8DDC-93035E5C9CD9}.Debug|Any CPU.ActiveCfg = Debug|Any CPU
		{871B93E4-46FA-473D-8DDC-93035E5C9CD9}.Debug|Any CPU.Build.0 = Debug|Any CPU
		{871B93E4-46FA-473D-8DDC-93035E5C9CD9}.Release|Any CPU.ActiveCfg = Release|Any CPU
		{871B93E4-46FA-473D-8DDC-93035E5C9CD9}.Release|Any CPU.Build.0 = Release|Any CPU
	EndGlobalSection
	GlobalSection(SolutionProperties) = preSolution
		HideSolutionNode = FALSE
	EndGlobalSection
	GlobalSection(ExtensibilityGlobals) = postSolution
		SolutionGuid = {5E61F641-4668-48D7-812A-AD57E65682DD}
	EndGlobalSection
EndGlobal
